
Microsoft Visual Studio Solution File, Format Version 12.00
# Visual Studio Version 17
VisualStudioVersion = 17.2.32602.215
MinimumVisualStudioVersion = 10.0.40219.1
Project("{9A19103F-16F7-4668-BE54-9A1E7A4F7556}") = "Registro de Prioridades", "Registro de Prioridades\Registro de Prioridades.csproj", "{E29110E9-78DF-4D32-B68D-5EDE18C5A0B2}"
EndProject
Global
	GlobalSection(SolutionConfigurationPlatforms) = preSolution
		Debug|Any CPU = Debug|Any CPU
		Release|Any CPU = Release|Any CPU
	EndGlobalSection
	GlobalSection(ProjectConfigurationPlatforms) = postSolution
		{E29110E9-78DF-4D32-B68D-5EDE18C5A0B2}.Debug|Any CPU.ActiveCfg = Debug|Any CPU
		{E29110E9-78DF-4D32-B68D-5EDE18C5A0B2}.Debug|Any CPU.Build.0 = Debug|Any CPU
		{E29110E9-78DF-4D32-B68D-5EDE18C5A0B2}.Release|Any CPU.ActiveCfg = Release|Any CPU
		{E29110E9-78DF-4D32-B68D-5EDE18C5A0B2}.Release|Any CPU.Build.0 = Release|Any CPU
	EndGlobalSection
	GlobalSection(SolutionProperties) = preSolution
		HideSolutionNode = FALSE
	EndGlobalSection
	GlobalSection(ExtensibilityGlobals) = postSolution
		SolutionGuid = {670C8AA5-869F-462C-B626-62A566F66463}
	EndGlobalSection
EndGlobal
